
Microsoft Visual Studio Solution File, Format Version 11.00
# Visual Studio 2010
Project("{2150E333-8FDC-42A3-9474-1A3956D46DE8}") = "proj", "proj", "{8F21589F-B084-4D9F-8AAB-C222D33BD649}"
EndProject
Project("{2150E333-8FDC-42A3-9474-1A3956D46DE8}") = "tests", "tests", "{CCBD0FDF-5468-44EA-B0C4-BC112D5B65CD}"
EndProject
Project("{FAE04EC0-301F-11D3-BF4B-00C04F79EFBC}") = "NanoMessageBus", "proj\NanoMessageBus\NanoMessageBus.csproj", "{A6D3AA0C-CEC9-47FF-80DF-B3F77D5B8E34}"
EndProject
Project("{FAE04EC0-301F-11D3-BF4B-00C04F79EFBC}") = "NanoMessageBus.Core", "proj\NanoMessageBus.Core\NanoMessageBus.Core.csproj", "{A2D7EDF7-FA67-43E3-AA34-C7483508A5F1}"
EndProject
Project("{FAE04EC0-301F-11D3-BF4B-00C04F79EFBC}") = "NanoMessageBus.Transport", "proj\NanoMessageBus.Transport\NanoMessageBus.Transport.csproj", "{83C0E14D-0C49-4726-B329-5E2E7B0B7681}"
EndProject
Project("{FAE04EC0-301F-11D3-BF4B-00C04F79EFBC}") = "NanoMessageBus.Logging", "proj\NanoMessageBus.Logging\NanoMessageBus.Logging.csproj", "{9C04BE79-85E3-45BB-8827-B5390C7E803E}"
EndProject
Project("{FAE04EC0-301F-11D3-BF4B-00C04F79EFBC}") = "NanoMessageBus.SubscriptionStorage", "proj\NanoMessageBus.SubscriptionStorage\NanoMessageBus.SubscriptionStorage.csproj", "{2787552C-88AE-4CED-A3F3-C0AD78754E63}"
EndProject
Global
	GlobalSection(SolutionConfigurationPlatforms) = preSolution
		Debug|Any CPU = Debug|Any CPU
		Release|Any CPU = Release|Any CPU
	EndGlobalSection
	GlobalSection(ProjectConfigurationPlatforms) = postSolution
		{A6D3AA0C-CEC9-47FF-80DF-B3F77D5B8E34}.Debug|Any CPU.ActiveCfg = Debug|Any CPU
		{A6D3AA0C-CEC9-47FF-80DF-B3F77D5B8E34}.Debug|Any CPU.Build.0 = Debug|Any CPU
		{A6D3AA0C-CEC9-47FF-80DF-B3F77D5B8E34}.Release|Any CPU.ActiveCfg = Release|Any CPU
		{A6D3AA0C-CEC9-47FF-80DF-B3F77D5B8E34}.Release|Any CPU.Build.0 = Release|Any CPU
		{A2D7EDF7-FA67-43E3-AA34-C7483508A5F1}.Debug|Any CPU.ActiveCfg = Debug|Any CPU
		{A2D7EDF7-FA67-43E3-AA34-C7483508A5F1}.Debug|Any CPU.Build.0 = Debug|Any CPU
		{A2D7EDF7-FA67-43E3-AA34-C7483508A5F1}.Release|Any CPU.ActiveCfg = Release|Any CPU
		{A2D7EDF7-FA67-43E3-AA34-C7483508A5F1}.Release|Any CPU.Build.0 = Release|Any CPU
		{83C0E14D-0C49-4726-B329-5E2E7B0B7681}.Debug|Any CPU.ActiveCfg = Debug|Any CPU
		{83C0E14D-0C49-4726-B329-5E2E7B0B7681}.Debug|Any CPU.Build.0 = Debug|Any CPU
		{83C0E14D-0C49-4726-B329-5E2E7B0B7681}.Release|Any CPU.ActiveCfg = Release|Any CPU
		{83C0E14D-0C49-4726-B329-5E2E7B0B7681}.Release|Any CPU.Build.0 = Release|Any CPU
		{9C04BE79-85E3-45BB-8827-B5390C7E803E}.Debug|Any CPU.ActiveCfg = Debug|Any CPU
		{9C04BE79-85E3-45BB-8827-B5390C7E803E}.Debug|Any CPU.Build.0 = Debug|Any CPU
		{9C04BE79-85E3-45BB-8827-B5390C7E803E}.Release|Any CPU.ActiveCfg = Release|Any CPU
		{9C04BE79-85E3-45BB-8827-B5390C7E803E}.Release|Any CPU.Build.0 = Release|Any CPU
		{2787552C-88AE-4CED-A3F3-C0AD78754E63}.Debug|Any CPU.ActiveCfg = Debug|Any CPU
		{2787552C-88AE-4CED-A3F3-C0AD78754E63}.Debug|Any CPU.Build.0 = Debug|Any CPU
		{2787552C-88AE-4CED-A3F3-C0AD78754E63}.Release|Any CPU.ActiveCfg = Release|Any CPU
		{2787552C-88AE-4CED-A3F3-C0AD78754E63}.Release|Any CPU.Build.0 = Release|Any CPU
	EndGlobalSection
	GlobalSection(SolutionProperties) = preSolution
		HideSolutionNode = FALSE
	EndGlobalSection
	GlobalSection(NestedProjects) = preSolution
		{A6D3AA0C-CEC9-47FF-80DF-B3F77D5B8E34} = {8F21589F-B084-4D9F-8AAB-C222D33BD649}
		{A2D7EDF7-FA67-43E3-AA34-C7483508A5F1} = {8F21589F-B084-4D9F-8AAB-C222D33BD649}
		{83C0E14D-0C49-4726-B329-5E2E7B0B7681} = {8F21589F-B084-4D9F-8AAB-C222D33BD649}
		{9C04BE79-85E3-45BB-8827-B5390C7E803E} = {8F21589F-B084-4D9F-8AAB-C222D33BD649}
		{2787552C-88AE-4CED-A3F3-C0AD78754E63} = {8F21589F-B084-4D9F-8AAB-C222D33BD649}
	EndGlobalSection
EndGlobal
