
Microsoft Visual Studio Solution File, Format Version 11.00
# Visual Studio 2010
Project("{2150E333-8FDC-42A3-9474-1A3956D46DE8}") = "implementation", "implementation", "{8F21589F-B084-4D9F-8AAB-C222D33BD649}"
EndProject
Project("{2150E333-8FDC-42A3-9474-1A3956D46DE8}") = "tests", "tests", "{CCBD0FDF-5468-44EA-B0C4-BC112D5B65CD}"
EndProject
Project("{FAE04EC0-301F-11D3-BF4B-00C04F79EFBC}") = "NanoMessageBus", "proj\NanoMessageBus\NanoMessageBus.csproj", "{A6D3AA0C-CEC9-47FF-80DF-B3F77D5B8E34}"
EndProject
Project("{FAE04EC0-301F-11D3-BF4B-00C04F79EFBC}") = "NanoMessageBus.Core", "proj\NanoMessageBus.Core\NanoMessageBus.Core.csproj", "{A2D7EDF7-FA67-43E3-AA34-C7483508A5F1}"
EndProject
Project("{FAE04EC0-301F-11D3-BF4B-00C04F79EFBC}") = "NanoMessageBus.Transports", "proj\NanoMessageBus.Transports\NanoMessageBus.Transports.csproj", "{83C0E14D-0C49-4726-B329-5E2E7B0B7681}"
EndProject
Project("{FAE04EC0-301F-11D3-BF4B-00C04F79EFBC}") = "NanoMessageBus.Logging", "proj\NanoMessageBus.Logging\NanoMessageBus.Logging.csproj", "{9C04BE79-85E3-45BB-8827-B5390C7E803E}"
EndProject
Project("{FAE04EC0-301F-11D3-BF4B-00C04F79EFBC}") = "NanoMessageBus.SubscriptionStorage", "proj\NanoMessageBus.SubscriptionStorage\NanoMessageBus.SubscriptionStorage.csproj", "{2787552C-88AE-4CED-A3F3-C0AD78754E63}"
EndProject
Project("{2150E333-8FDC-42A3-9474-1A3956D46DE8}") = "contracts", "contracts", "{2A1220B4-FCED-4283-9C2D-BF10ACFA412C}"
EndProject
Project("{FAE04EC0-301F-11D3-BF4B-00C04F79EFBC}") = "NanoMessageBus.SubscriptionStorage.SqlEngine", "proj\NanoMessageBus.SubscriptionStorage.SqlEngine\NanoMessageBus.SubscriptionStorage.SqlEngine.csproj", "{2ECF1F4C-57CC-4A00-A489-152D149D00AF}"
EndProject
Project("{FAE04EC0-301F-11D3-BF4B-00C04F79EFBC}") = "NanoMessageBus.Endpoints.Msmq", "proj\NanoMessageBus.Endpoints.Msmq\NanoMessageBus.Endpoints.Msmq.csproj", "{A5151E49-1445-4B69-BAE9-4D5445DED4F9}"
EndProject
Project("{FAE04EC0-301F-11D3-BF4B-00C04F79EFBC}") = "NanoMessageBus.Endpoints", "proj\NanoMessageBus.Endpoints\NanoMessageBus.Endpoints.csproj", "{FE46F683-F9A7-477E-B017-A8E3A1A48E24}"
EndProject
Project("{FAE04EC0-301F-11D3-BF4B-00C04F79EFBC}") = "NanoMessageBus.Logging.Log4Net", "proj\NanoMessageBus.Logging.Log4Net\NanoMessageBus.Logging.Log4Net.csproj", "{FF58714D-AC6A-4238-B8E1-D4F9D90BEF81}"
EndProject
Project("{FAE04EC0-301F-11D3-BF4B-00C04F79EFBC}") = "NanoMessageBus.Serialization", "proj\NanoMessageBus.Serialization\NanoMessageBus.Serialization.csproj", "{2BFD260B-E68A-4A06-9E3C-EC02C460E145}"
EndProject
Project("{FAE04EC0-301F-11D3-BF4B-00C04F79EFBC}") = "NanoMessageBus.Serialization.Json", "proj\NanoMessageBus.Serialization.Json\NanoMessageBus.Serialization.Json.csproj", "{2E659CAC-6DDB-4800-90AB-13AE068CE407}"
EndProject
Project("{FAE04EC0-301F-11D3-BF4B-00C04F79EFBC}") = "NanoMessageBus.Transports.DefaultImplementation", "proj\NanoMessageBus.Transports.DefaultImplementation\NanoMessageBus.Transports.DefaultImplementation.csproj", "{D4C0E7C4-716C-47CE-8B90-15E6F14B2872}"
EndProject
Project("{FAE04EC0-301F-11D3-BF4B-00C04F79EFBC}") = "NanoMessageBus.Serialization.DefaultImplementation", "proj\NanoMessageBus.Serialization.DefaultImplementation\NanoMessageBus.Serialization.DefaultImplementation.csproj", "{D40EACE0-49AB-46FC-9A0A-B56C7D59D328}"
EndProject
Project("{FAE04EC0-301F-11D3-BF4B-00C04F79EFBC}") = "NanoMessageBus.Core.DefaultImplementation", "proj\NanoMessageBus.Core.DefaultImplementation\NanoMessageBus.Core.DefaultImplementation.csproj", "{BC2204F1-4E15-4EFC-B42E-739E6795BE37}"
EndProject
Project("{FAE04EC0-301F-11D3-BF4B-00C04F79EFBC}") = "NanoMessageBus.DefaultImplementation", "proj\NanoMessageBus.DefaultImplementation\NanoMessageBus.DefaultImplementation.csproj", "{E74CB074-6C34-4D22-B89B-5C4D318CA011}"
EndProject
Project("{FAE04EC0-301F-11D3-BF4B-00C04F79EFBC}") = "NanoMessageBus.Logging.NLog", "proj\NanoMessageBus.Logging.NLog\NanoMessageBus.Logging.NLog.csproj", "{17F95FB2-EE45-47CC-9FC3-11452D7876D5}"
EndProject
Project("{FAE04EC0-301F-11D3-BF4B-00C04F79EFBC}") = "NanoMessageBus.Logging.Console", "proj\NanoMessageBus.Logging.Console\NanoMessageBus.Logging.Console.csproj", "{63B9F5FD-2F57-417A-BB0A-C38EE028BE8B}"
EndProject
Project("{FAE04EC0-301F-11D3-BF4B-00C04F79EFBC}") = "NanoMessageBus.MessageSubscriber", "proj\NanoMessageBus.MessageSubscriber\NanoMessageBus.MessageSubscriber.csproj", "{551B70F2-60EF-44D0-9BEA-46724F0E0069}"
EndProject
Project("{FAE04EC0-301F-11D3-BF4B-00C04F79EFBC}") = "NanoMessageBus.MessageSubscriber.DefaultImplementation", "proj\NanoMessageBus.MessageSubscriber.DefaultImplementation\NanoMessageBus.MessageSubscriber.DefaultImplementation.csproj", "{F328927B-9229-49C2-86F3-3D7F4F4B328E}"
EndProject
Project("{2150E333-8FDC-42A3-9474-1A3956D46DE8}") = "wireup", "wireup", "{09F8CF6F-62D8-4F3F-A306-9950CDC5EAA2}"
EndProject
Project("{FAE04EC0-301F-11D3-BF4B-00C04F79EFBC}") = "NanoMessageBus.Wireup.Autofac", "proj\NanoMessageBus.Wireup.Autofac\NanoMessageBus.Wireup.Autofac.csproj", "{2122403B-F8F9-413B-A571-5B3B7211BF96}"
EndProject
Project("{FAE04EC0-301F-11D3-BF4B-00C04F79EFBC}") = "NanoMessageBus.Serialization.ProtocolBuffers", "proj\NanoMessageBus.Serialization.ProtocolBuffers\NanoMessageBus.Serialization.ProtocolBuffers.csproj", "{BD0CBB4E-B1B4-4E53-8ECC-66CF0E73D78C}"
EndProject
Project("{FAE04EC0-301F-11D3-BF4B-00C04F79EFBC}") = "NanoMessageBus.Serialization.ProtocolBuffers.UnitTests", "tests\NanoMessageBus.Serialization.ProtocolBuffers.UnitTests\NanoMessageBus.Serialization.ProtocolBuffers.UnitTests.csproj", "{0DD9885F-80F6-4D71-B670-68A216C35A15}"
EndProject
Global
	GlobalSection(SolutionConfigurationPlatforms) = preSolution
		Debug|Any CPU = Debug|Any CPU
		Release|Any CPU = Release|Any CPU
	EndGlobalSection
	GlobalSection(ProjectConfigurationPlatforms) = postSolution
		{A6D3AA0C-CEC9-47FF-80DF-B3F77D5B8E34}.Debug|Any CPU.ActiveCfg = Debug|Any CPU
		{A6D3AA0C-CEC9-47FF-80DF-B3F77D5B8E34}.Debug|Any CPU.Build.0 = Debug|Any CPU
		{A6D3AA0C-CEC9-47FF-80DF-B3F77D5B8E34}.Release|Any CPU.ActiveCfg = Release|Any CPU
		{A6D3AA0C-CEC9-47FF-80DF-B3F77D5B8E34}.Release|Any CPU.Build.0 = Release|Any CPU
		{A2D7EDF7-FA67-43E3-AA34-C7483508A5F1}.Debug|Any CPU.ActiveCfg = Debug|Any CPU
		{A2D7EDF7-FA67-43E3-AA34-C7483508A5F1}.Debug|Any CPU.Build.0 = Debug|Any CPU
		{A2D7EDF7-FA67-43E3-AA34-C7483508A5F1}.Release|Any CPU.ActiveCfg = Release|Any CPU
		{A2D7EDF7-FA67-43E3-AA34-C7483508A5F1}.Release|Any CPU.Build.0 = Release|Any CPU
		{83C0E14D-0C49-4726-B329-5E2E7B0B7681}.Debug|Any CPU.ActiveCfg = Debug|Any CPU
		{83C0E14D-0C49-4726-B329-5E2E7B0B7681}.Debug|Any CPU.Build.0 = Debug|Any CPU
		{83C0E14D-0C49-4726-B329-5E2E7B0B7681}.Release|Any CPU.ActiveCfg = Release|Any CPU
		{83C0E14D-0C49-4726-B329-5E2E7B0B7681}.Release|Any CPU.Build.0 = Release|Any CPU
		{9C04BE79-85E3-45BB-8827-B5390C7E803E}.Debug|Any CPU.ActiveCfg = Debug|Any CPU
		{9C04BE79-85E3-45BB-8827-B5390C7E803E}.Debug|Any CPU.Build.0 = Debug|Any CPU
		{9C04BE79-85E3-45BB-8827-B5390C7E803E}.Release|Any CPU.ActiveCfg = Release|Any CPU
		{9C04BE79-85E3-45BB-8827-B5390C7E803E}.Release|Any CPU.Build.0 = Release|Any CPU
		{2787552C-88AE-4CED-A3F3-C0AD78754E63}.Debug|Any CPU.ActiveCfg = Debug|Any CPU
		{2787552C-88AE-4CED-A3F3-C0AD78754E63}.Debug|Any CPU.Build.0 = Debug|Any CPU
		{2787552C-88AE-4CED-A3F3-C0AD78754E63}.Release|Any CPU.ActiveCfg = Release|Any CPU
		{2787552C-88AE-4CED-A3F3-C0AD78754E63}.Release|Any CPU.Build.0 = Release|Any CPU
		{2ECF1F4C-57CC-4A00-A489-152D149D00AF}.Debug|Any CPU.ActiveCfg = Debug|Any CPU
		{2ECF1F4C-57CC-4A00-A489-152D149D00AF}.Debug|Any CPU.Build.0 = Debug|Any CPU
		{2ECF1F4C-57CC-4A00-A489-152D149D00AF}.Release|Any CPU.ActiveCfg = Release|Any CPU
		{2ECF1F4C-57CC-4A00-A489-152D149D00AF}.Release|Any CPU.Build.0 = Release|Any CPU
		{A5151E49-1445-4B69-BAE9-4D5445DED4F9}.Debug|Any CPU.ActiveCfg = Debug|Any CPU
		{A5151E49-1445-4B69-BAE9-4D5445DED4F9}.Debug|Any CPU.Build.0 = Debug|Any CPU
		{A5151E49-1445-4B69-BAE9-4D5445DED4F9}.Release|Any CPU.ActiveCfg = Release|Any CPU
		{A5151E49-1445-4B69-BAE9-4D5445DED4F9}.Release|Any CPU.Build.0 = Release|Any CPU
		{FE46F683-F9A7-477E-B017-A8E3A1A48E24}.Debug|Any CPU.ActiveCfg = Debug|Any CPU
		{FE46F683-F9A7-477E-B017-A8E3A1A48E24}.Debug|Any CPU.Build.0 = Debug|Any CPU
		{FE46F683-F9A7-477E-B017-A8E3A1A48E24}.Release|Any CPU.ActiveCfg = Release|Any CPU
		{FE46F683-F9A7-477E-B017-A8E3A1A48E24}.Release|Any CPU.Build.0 = Release|Any CPU
		{FF58714D-AC6A-4238-B8E1-D4F9D90BEF81}.Debug|Any CPU.ActiveCfg = Debug|Any CPU
		{FF58714D-AC6A-4238-B8E1-D4F9D90BEF81}.Debug|Any CPU.Build.0 = Debug|Any CPU
		{FF58714D-AC6A-4238-B8E1-D4F9D90BEF81}.Release|Any CPU.ActiveCfg = Release|Any CPU
		{FF58714D-AC6A-4238-B8E1-D4F9D90BEF81}.Release|Any CPU.Build.0 = Release|Any CPU
		{2BFD260B-E68A-4A06-9E3C-EC02C460E145}.Debug|Any CPU.ActiveCfg = Debug|Any CPU
		{2BFD260B-E68A-4A06-9E3C-EC02C460E145}.Debug|Any CPU.Build.0 = Debug|Any CPU
		{2BFD260B-E68A-4A06-9E3C-EC02C460E145}.Release|Any CPU.ActiveCfg = Release|Any CPU
		{2BFD260B-E68A-4A06-9E3C-EC02C460E145}.Release|Any CPU.Build.0 = Release|Any CPU
		{2E659CAC-6DDB-4800-90AB-13AE068CE407}.Debug|Any CPU.ActiveCfg = Debug|Any CPU
		{2E659CAC-6DDB-4800-90AB-13AE068CE407}.Debug|Any CPU.Build.0 = Debug|Any CPU
		{2E659CAC-6DDB-4800-90AB-13AE068CE407}.Release|Any CPU.ActiveCfg = Release|Any CPU
		{2E659CAC-6DDB-4800-90AB-13AE068CE407}.Release|Any CPU.Build.0 = Release|Any CPU
		{D4C0E7C4-716C-47CE-8B90-15E6F14B2872}.Debug|Any CPU.ActiveCfg = Debug|Any CPU
		{D4C0E7C4-716C-47CE-8B90-15E6F14B2872}.Debug|Any CPU.Build.0 = Debug|Any CPU
		{D4C0E7C4-716C-47CE-8B90-15E6F14B2872}.Release|Any CPU.ActiveCfg = Release|Any CPU
		{D4C0E7C4-716C-47CE-8B90-15E6F14B2872}.Release|Any CPU.Build.0 = Release|Any CPU
		{D40EACE0-49AB-46FC-9A0A-B56C7D59D328}.Debug|Any CPU.ActiveCfg = Debug|Any CPU
		{D40EACE0-49AB-46FC-9A0A-B56C7D59D328}.Debug|Any CPU.Build.0 = Debug|Any CPU
		{D40EACE0-49AB-46FC-9A0A-B56C7D59D328}.Release|Any CPU.ActiveCfg = Release|Any CPU
		{D40EACE0-49AB-46FC-9A0A-B56C7D59D328}.Release|Any CPU.Build.0 = Release|Any CPU
		{BC2204F1-4E15-4EFC-B42E-739E6795BE37}.Debug|Any CPU.ActiveCfg = Debug|Any CPU
		{BC2204F1-4E15-4EFC-B42E-739E6795BE37}.Debug|Any CPU.Build.0 = Debug|Any CPU
		{BC2204F1-4E15-4EFC-B42E-739E6795BE37}.Release|Any CPU.ActiveCfg = Release|Any CPU
		{BC2204F1-4E15-4EFC-B42E-739E6795BE37}.Release|Any CPU.Build.0 = Release|Any CPU
		{E74CB074-6C34-4D22-B89B-5C4D318CA011}.Debug|Any CPU.ActiveCfg = Debug|Any CPU
		{E74CB074-6C34-4D22-B89B-5C4D318CA011}.Debug|Any CPU.Build.0 = Debug|Any CPU
		{E74CB074-6C34-4D22-B89B-5C4D318CA011}.Release|Any CPU.ActiveCfg = Release|Any CPU
		{E74CB074-6C34-4D22-B89B-5C4D318CA011}.Release|Any CPU.Build.0 = Release|Any CPU
		{17F95FB2-EE45-47CC-9FC3-11452D7876D5}.Debug|Any CPU.ActiveCfg = Debug|Any CPU
		{17F95FB2-EE45-47CC-9FC3-11452D7876D5}.Debug|Any CPU.Build.0 = Debug|Any CPU
		{17F95FB2-EE45-47CC-9FC3-11452D7876D5}.Release|Any CPU.ActiveCfg = Release|Any CPU
		{17F95FB2-EE45-47CC-9FC3-11452D7876D5}.Release|Any CPU.Build.0 = Release|Any CPU
		{63B9F5FD-2F57-417A-BB0A-C38EE028BE8B}.Debug|Any CPU.ActiveCfg = Debug|Any CPU
		{63B9F5FD-2F57-417A-BB0A-C38EE028BE8B}.Debug|Any CPU.Build.0 = Debug|Any CPU
		{63B9F5FD-2F57-417A-BB0A-C38EE028BE8B}.Release|Any CPU.ActiveCfg = Release|Any CPU
		{63B9F5FD-2F57-417A-BB0A-C38EE028BE8B}.Release|Any CPU.Build.0 = Release|Any CPU
		{551B70F2-60EF-44D0-9BEA-46724F0E0069}.Debug|Any CPU.ActiveCfg = Debug|Any CPU
		{551B70F2-60EF-44D0-9BEA-46724F0E0069}.Debug|Any CPU.Build.0 = Debug|Any CPU
		{551B70F2-60EF-44D0-9BEA-46724F0E0069}.Release|Any CPU.ActiveCfg = Release|Any CPU
		{551B70F2-60EF-44D0-9BEA-46724F0E0069}.Release|Any CPU.Build.0 = Release|Any CPU
		{F328927B-9229-49C2-86F3-3D7F4F4B328E}.Debug|Any CPU.ActiveCfg = Debug|Any CPU
		{F328927B-9229-49C2-86F3-3D7F4F4B328E}.Debug|Any CPU.Build.0 = Debug|Any CPU
		{F328927B-9229-49C2-86F3-3D7F4F4B328E}.Release|Any CPU.ActiveCfg = Release|Any CPU
		{F328927B-9229-49C2-86F3-3D7F4F4B328E}.Release|Any CPU.Build.0 = Release|Any CPU
		{2122403B-F8F9-413B-A571-5B3B7211BF96}.Debug|Any CPU.ActiveCfg = Debug|Any CPU
		{2122403B-F8F9-413B-A571-5B3B7211BF96}.Debug|Any CPU.Build.0 = Debug|Any CPU
		{2122403B-F8F9-413B-A571-5B3B7211BF96}.Release|Any CPU.ActiveCfg = Release|Any CPU
		{2122403B-F8F9-413B-A571-5B3B7211BF96}.Release|Any CPU.Build.0 = Release|Any CPU
		{BD0CBB4E-B1B4-4E53-8ECC-66CF0E73D78C}.Debug|Any CPU.ActiveCfg = Debug|Any CPU
		{BD0CBB4E-B1B4-4E53-8ECC-66CF0E73D78C}.Debug|Any CPU.Build.0 = Debug|Any CPU
		{BD0CBB4E-B1B4-4E53-8ECC-66CF0E73D78C}.Release|Any CPU.ActiveCfg = Release|Any CPU
		{BD0CBB4E-B1B4-4E53-8ECC-66CF0E73D78C}.Release|Any CPU.Build.0 = Release|Any CPU
		{0DD9885F-80F6-4D71-B670-68A216C35A15}.Debug|Any CPU.ActiveCfg = Debug|Any CPU
		{0DD9885F-80F6-4D71-B670-68A216C35A15}.Debug|Any CPU.Build.0 = Debug|Any CPU
		{0DD9885F-80F6-4D71-B670-68A216C35A15}.Release|Any CPU.ActiveCfg = Release|Any CPU
		{0DD9885F-80F6-4D71-B670-68A216C35A15}.Release|Any CPU.Build.0 = Release|Any CPU
	EndGlobalSection
	GlobalSection(SolutionProperties) = preSolution
		HideSolutionNode = FALSE
	EndGlobalSection
	GlobalSection(NestedProjects) = preSolution
		{2ECF1F4C-57CC-4A00-A489-152D149D00AF} = {8F21589F-B084-4D9F-8AAB-C222D33BD649}
		{A5151E49-1445-4B69-BAE9-4D5445DED4F9} = {8F21589F-B084-4D9F-8AAB-C222D33BD649}
		{FF58714D-AC6A-4238-B8E1-D4F9D90BEF81} = {8F21589F-B084-4D9F-8AAB-C222D33BD649}
		{2E659CAC-6DDB-4800-90AB-13AE068CE407} = {8F21589F-B084-4D9F-8AAB-C222D33BD649}
		{D4C0E7C4-716C-47CE-8B90-15E6F14B2872} = {8F21589F-B084-4D9F-8AAB-C222D33BD649}
		{D40EACE0-49AB-46FC-9A0A-B56C7D59D328} = {8F21589F-B084-4D9F-8AAB-C222D33BD649}
		{BC2204F1-4E15-4EFC-B42E-739E6795BE37} = {8F21589F-B084-4D9F-8AAB-C222D33BD649}
		{E74CB074-6C34-4D22-B89B-5C4D318CA011} = {8F21589F-B084-4D9F-8AAB-C222D33BD649}
		{17F95FB2-EE45-47CC-9FC3-11452D7876D5} = {8F21589F-B084-4D9F-8AAB-C222D33BD649}
		{63B9F5FD-2F57-417A-BB0A-C38EE028BE8B} = {8F21589F-B084-4D9F-8AAB-C222D33BD649}
		{F328927B-9229-49C2-86F3-3D7F4F4B328E} = {8F21589F-B084-4D9F-8AAB-C222D33BD649}
		{BD0CBB4E-B1B4-4E53-8ECC-66CF0E73D78C} = {8F21589F-B084-4D9F-8AAB-C222D33BD649}
		{0DD9885F-80F6-4D71-B670-68A216C35A15} = {CCBD0FDF-5468-44EA-B0C4-BC112D5B65CD}
		{A2D7EDF7-FA67-43E3-AA34-C7483508A5F1} = {2A1220B4-FCED-4283-9C2D-BF10ACFA412C}
		{83C0E14D-0C49-4726-B329-5E2E7B0B7681} = {2A1220B4-FCED-4283-9C2D-BF10ACFA412C}
		{9C04BE79-85E3-45BB-8827-B5390C7E803E} = {2A1220B4-FCED-4283-9C2D-BF10ACFA412C}
		{2787552C-88AE-4CED-A3F3-C0AD78754E63} = {2A1220B4-FCED-4283-9C2D-BF10ACFA412C}
		{A6D3AA0C-CEC9-47FF-80DF-B3F77D5B8E34} = {2A1220B4-FCED-4283-9C2D-BF10ACFA412C}
		{FE46F683-F9A7-477E-B017-A8E3A1A48E24} = {2A1220B4-FCED-4283-9C2D-BF10ACFA412C}
		{2BFD260B-E68A-4A06-9E3C-EC02C460E145} = {2A1220B4-FCED-4283-9C2D-BF10ACFA412C}
		{551B70F2-60EF-44D0-9BEA-46724F0E0069} = {2A1220B4-FCED-4283-9C2D-BF10ACFA412C}
		{2122403B-F8F9-413B-A571-5B3B7211BF96} = {09F8CF6F-62D8-4F3F-A306-9950CDC5EAA2}
	EndGlobalSection
EndGlobal
